
Microsoft Visual Studio Solution File, Format Version 12.00
# Visual Studio Version 16
VisualStudioVersion = 16.0.30204.135
MinimumVisualStudioVersion = 10.0.40219.1
Project("{FAE04EC0-301F-11D3-BF4B-00C04F79EFBC}") = "StrategyLabStarterCode", "StrategyLabStarterCode\StrategyLabStarterCode.csproj", "{CF31C831-5ED1-442B-BA13-25412C51F025}"
EndProject
Project("{FAE04EC0-301F-11D3-BF4B-00C04F79EFBC}") = "StockReportStrategies", "StockReportStrategies\StockReportStrategies.csproj", "{2A50B95C-2034-473E-B934-2EAE5199EAA5}"
EndProject
Global
	GlobalSection(SolutionConfigurationPlatforms) = preSolution
		Debug|Any CPU = Debug|Any CPU
		Release|Any CPU = Release|Any CPU
	EndGlobalSection
	GlobalSection(ProjectConfigurationPlatforms) = postSolution
		{CF31C831-5ED1-442B-BA13-25412C51F025}.Debug|Any CPU.ActiveCfg = Debug|Any CPU
		{CF31C831-5ED1-442B-BA13-25412C51F025}.Debug|Any CPU.Build.0 = Debug|Any CPU
		{CF31C831-5ED1-442B-BA13-25412C51F025}.Release|Any CPU.ActiveCfg = Release|Any CPU
		{CF31C831-5ED1-442B-BA13-25412C51F025}.Release|Any CPU.Build.0 = Release|Any CPU
		{2A50B95C-2034-473E-B934-2EAE5199EAA5}.Debug|Any CPU.ActiveCfg = Debug|Any CPU
		{2A50B95C-2034-473E-B934-2EAE5199EAA5}.Debug|Any CPU.Build.0 = Debug|Any CPU
		{2A50B95C-2034-473E-B934-2EAE5199EAA5}.Release|Any CPU.ActiveCfg = Release|Any CPU
		{2A50B95C-2034-473E-B934-2EAE5199EAA5}.Release|Any CPU.Build.0 = Release|Any CPU
	EndGlobalSection
	GlobalSection(SolutionProperties) = preSolution
		HideSolutionNode = FALSE
	EndGlobalSection
	GlobalSection(ExtensibilityGlobals) = postSolution
		SolutionGuid = {5F872452-86D6-49C1-922A-354FE61ED058}
	EndGlobalSection
EndGlobal
