
Microsoft Visual Studio Solution File, Format Version 12.00
# Visual Studio Version 16
VisualStudioVersion = 16.0.30204.135
MinimumVisualStudioVersion = 10.0.40219.1
Project("{FAE04EC0-301F-11D3-BF4B-00C04F79EFBC}") = "GildedRose.Console", "GildedRose.Console\GildedRose.Console.csproj", "{F2E879A9-7F1C-4C34-AB0D-2662F9815046}"
EndProject
Project("{FAE04EC0-301F-11D3-BF4B-00C04F79EFBC}") = "GildedRose.Tests", "GildedRose.Tests\GildedRose.Tests.csproj", "{CD4715A2-532E-4C74-BC40-36EE64F61FCA}"
EndProject
Project("{FAE04EC0-301F-11D3-BF4B-00C04F79EFBC}") = "GoblinLib", "GoblinLib\GoblinLib.csproj", "{F968A28F-2EE8-4BC8-AEAC-77192424BF1B}"
EndProject
Global
	GlobalSection(SolutionConfigurationPlatforms) = preSolution
		Debug|Any CPU = Debug|Any CPU
		Release|Any CPU = Release|Any CPU
	EndGlobalSection
	GlobalSection(ProjectConfigurationPlatforms) = postSolution
		{F2E879A9-7F1C-4C34-AB0D-2662F9815046}.Debug|Any CPU.ActiveCfg = Debug|Any CPU
		{F2E879A9-7F1C-4C34-AB0D-2662F9815046}.Debug|Any CPU.Build.0 = Debug|Any CPU
		{F2E879A9-7F1C-4C34-AB0D-2662F9815046}.Release|Any CPU.ActiveCfg = Release|Any CPU
		{F2E879A9-7F1C-4C34-AB0D-2662F9815046}.Release|Any CPU.Build.0 = Release|Any CPU
		{CD4715A2-532E-4C74-BC40-36EE64F61FCA}.Debug|Any CPU.ActiveCfg = Debug|Any CPU
		{CD4715A2-532E-4C74-BC40-36EE64F61FCA}.Debug|Any CPU.Build.0 = Debug|Any CPU
		{CD4715A2-532E-4C74-BC40-36EE64F61FCA}.Release|Any CPU.ActiveCfg = Release|Any CPU
		{CD4715A2-532E-4C74-BC40-36EE64F61FCA}.Release|Any CPU.Build.0 = Release|Any CPU
		{F968A28F-2EE8-4BC8-AEAC-77192424BF1B}.Debug|Any CPU.ActiveCfg = Debug|Any CPU
		{F968A28F-2EE8-4BC8-AEAC-77192424BF1B}.Debug|Any CPU.Build.0 = Debug|Any CPU
		{F968A28F-2EE8-4BC8-AEAC-77192424BF1B}.Release|Any CPU.ActiveCfg = Release|Any CPU
		{F968A28F-2EE8-4BC8-AEAC-77192424BF1B}.Release|Any CPU.Build.0 = Release|Any CPU
	EndGlobalSection
	GlobalSection(SolutionProperties) = preSolution
		HideSolutionNode = FALSE
	EndGlobalSection
	GlobalSection(ExtensibilityGlobals) = postSolution
		SolutionGuid = {60015F6B-7D30-4ADE-81AF-348CBA55EAEE}
	EndGlobalSection
EndGlobal
